// !$*UTF8*$!
{
	archiveVersion = 1;
	classes = {
	};
	objectVersion = 56;
	objects = {

/* Begin PBXBuildFile section */
		6B5681E72C5875040018580F /* AppDelegate.swift in Sources */ = {isa = PBXBuildFile; fileRef = 6B5681E62C5875040018580F /* AppDelegate.swift */; };
		6B5681E92C5875040018580F /* SceneDelegate.swift in Sources */ = {isa = PBXBuildFile; fileRef = 6B5681E82C5875040018580F /* SceneDelegate.swift */; };
		6B5681EB2C5875040018580F /* ViewController.swift in Sources */ = {isa = PBXBuildFile; fileRef = 6B5681EA2C5875040018580F /* ViewController.swift */; };
		6B5681EE2C5875040018580F /* Base in Resources */ = {isa = PBXBuildFile; fileRef = 6B5681ED2C5875040018580F /* Base */; };
		6B5681F02C5875050018580F /* Assets.xcassets in Resources */ = {isa = PBXBuildFile; fileRef = 6B5681EF2C5875050018580F /* Assets.xcassets */; };
		6B5681F32C5875050018580F /* Base in Resources */ = {isa = PBXBuildFile; fileRef = 6B5681F22C5875050018580F /* Base */; };
		6B5681FC2C5875C80018580F /* RxCocoa in Frameworks */ = {isa = PBXBuildFile; productRef = 6B5681FB2C5875C80018580F /* RxCocoa */; };
		6B5681FE2C5875C80018580F /* RxSwift in Frameworks */ = {isa = PBXBuildFile; productRef = 6B5681FD2C5875C80018580F /* RxSwift */; };
		6B5682022C587B0B0018580F /* SnapKit in Frameworks */ = {isa = PBXBuildFile; productRef = 6B5682012C587B0B0018580F /* SnapKit */; };
		6B5682042C58ACA00018580F /* BasicButtonViewController.swift in Sources */ = {isa = PBXBuildFile; fileRef = 6B5682032C58ACA00018580F /* BasicButtonViewController.swift */; };
		6B5682062C58C0770018580F /* OperatorViewController.swift in Sources */ = {isa = PBXBuildFile; fileRef = 6B5682052C58C0770018580F /* OperatorViewController.swift */; };
		6B5682082C58FB5B0018580F /* PickerViewController.swift in Sources */ = {isa = PBXBuildFile; fileRef = 6B5682072C58FB5B0018580F /* PickerViewController.swift */; };
		6B56820A2C58FDB50018580F /* TableViewController.swift in Sources */ = {isa = PBXBuildFile; fileRef = 6B5682092C58FDB50018580F /* TableViewController.swift */; };
		6B56820C2C58FED10018580F /* SwitchViewController.swift in Sources */ = {isa = PBXBuildFile; fileRef = 6B56820B2C58FED10018580F /* SwitchViewController.swift */; };
		6B56820E2C5900950018580F /* LoginViewController.swift in Sources */ = {isa = PBXBuildFile; fileRef = 6B56820D2C5900950018580F /* LoginViewController.swift */; };
		6B5682102C590B530018580F /* ObservableExample.swift in Sources */ = {isa = PBXBuildFile; fileRef = 6B56820F2C590B530018580F /* ObservableExample.swift */; };
		6B5682122C5913B80018580F /* AddNumberViewController.swift in Sources */ = {isa = PBXBuildFile; fileRef = 6B5682112C5913B80018580F /* AddNumberViewController.swift */; };
/* End PBXBuildFile section */

/* Begin PBXFileReference section */
		6B5681E32C5875040018580F /* RxSwift_Prac.app */ = {isa = PBXFileReference; explicitFileType = wrapper.application; includeInIndex = 0; path = RxSwift_Prac.app; sourceTree = BUILT_PRODUCTS_DIR; };
		6B5681E62C5875040018580F /* AppDelegate.swift */ = {isa = PBXFileReference; lastKnownFileType = sourcecode.swift; path = AppDelegate.swift; sourceTree = "<group>"; };
		6B5681E82C5875040018580F /* SceneDelegate.swift */ = {isa = PBXFileReference; lastKnownFileType = sourcecode.swift; path = SceneDelegate.swift; sourceTree = "<group>"; };
		6B5681EA2C5875040018580F /* ViewController.swift */ = {isa = PBXFileReference; lastKnownFileType = sourcecode.swift; path = ViewController.swift; sourceTree = "<group>"; };
		6B5681ED2C5875040018580F /* Base */ = {isa = PBXFileReference; lastKnownFileType = file.storyboard; name = Base; path = Base.lproj/Main.storyboard; sourceTree = "<group>"; };
		6B5681EF2C5875050018580F /* Assets.xcassets */ = {isa = PBXFileReference; lastKnownFileType = folder.assetcatalog; path = Assets.xcassets; sourceTree = "<group>"; };
		6B5681F22C5875050018580F /* Base */ = {isa = PBXFileReference; lastKnownFileType = file.storyboard; name = Base; path = Base.lproj/LaunchScreen.storyboard; sourceTree = "<group>"; };
		6B5681F42C5875050018580F /* Info.plist */ = {isa = PBXFileReference; lastKnownFileType = text.plist.xml; path = Info.plist; sourceTree = "<group>"; };
		6B5682032C58ACA00018580F /* BasicButtonViewController.swift */ = {isa = PBXFileReference; lastKnownFileType = sourcecode.swift; path = BasicButtonViewController.swift; sourceTree = "<group>"; };
		6B5682052C58C0770018580F /* OperatorViewController.swift */ = {isa = PBXFileReference; lastKnownFileType = sourcecode.swift; path = OperatorViewController.swift; sourceTree = "<group>"; };
		6B5682072C58FB5B0018580F /* PickerViewController.swift */ = {isa = PBXFileReference; lastKnownFileType = sourcecode.swift; path = PickerViewController.swift; sourceTree = "<group>"; };
		6B5682092C58FDB50018580F /* TableViewController.swift */ = {isa = PBXFileReference; lastKnownFileType = sourcecode.swift; path = TableViewController.swift; sourceTree = "<group>"; };
		6B56820B2C58FED10018580F /* SwitchViewController.swift */ = {isa = PBXFileReference; lastKnownFileType = sourcecode.swift; path = SwitchViewController.swift; sourceTree = "<group>"; };
		6B56820D2C5900950018580F /* LoginViewController.swift */ = {isa = PBXFileReference; lastKnownFileType = sourcecode.swift; path = LoginViewController.swift; sourceTree = "<group>"; };
		6B56820F2C590B530018580F /* ObservableExample.swift */ = {isa = PBXFileReference; lastKnownFileType = sourcecode.swift; path = ObservableExample.swift; sourceTree = "<group>"; };
		6B5682112C5913B80018580F /* AddNumberViewController.swift */ = {isa = PBXFileReference; lastKnownFileType = sourcecode.swift; path = AddNumberViewController.swift; sourceTree = "<group>"; };
/* End PBXFileReference section */

/* Begin PBXFrameworksBuildPhase section */
		6B5681E02C5875040018580F /* Frameworks */ = {
			isa = PBXFrameworksBuildPhase;
			buildActionMask = 2147483647;
			files = (
				6B5682022C587B0B0018580F /* SnapKit in Frameworks */,
				6B5681FE2C5875C80018580F /* RxSwift in Frameworks */,
				6B5681FC2C5875C80018580F /* RxCocoa in Frameworks */,
			);
			runOnlyForDeploymentPostprocessing = 0;
		};
/* End PBXFrameworksBuildPhase section */

/* Begin PBXGroup section */
		6B5681DA2C5875040018580F = {
			isa = PBXGroup;
			children = (
				6B5681E52C5875040018580F /* RxSwift_Prac */,
				6B5681E42C5875040018580F /* Products */,
			);
			sourceTree = "<group>";
		};
		6B5681E42C5875040018580F /* Products */ = {
			isa = PBXGroup;
			children = (
				6B5681E32C5875040018580F /* RxSwift_Prac.app */,
			);
			name = Products;
			sourceTree = "<group>";
		};
		6B5681E52C5875040018580F /* RxSwift_Prac */ = {
			isa = PBXGroup;
			children = (
				6B5681E62C5875040018580F /* AppDelegate.swift */,
				6B5681E82C5875040018580F /* SceneDelegate.swift */,
				6B5681EA2C5875040018580F /* ViewController.swift */,
				6B5682052C58C0770018580F /* OperatorViewController.swift */,
				6B5682032C58ACA00018580F /* BasicButtonViewController.swift */,
				6B5682072C58FB5B0018580F /* PickerViewController.swift */,
				6B5682092C58FDB50018580F /* TableViewController.swift */,
				6B56820B2C58FED10018580F /* SwitchViewController.swift */,
				6B56820D2C5900950018580F /* LoginViewController.swift */,
				6B56820F2C590B530018580F /* ObservableExample.swift */,
				6B5682112C5913B80018580F /* AddNumberViewController.swift */,
				6B5681EC2C5875040018580F /* Main.storyboard */,
				6B5681EF2C5875050018580F /* Assets.xcassets */,
				6B5681F12C5875050018580F /* LaunchScreen.storyboard */,
				6B5681F42C5875050018580F /* Info.plist */,
			);
			path = RxSwift_Prac;
			sourceTree = "<group>";
		};
/* End PBXGroup section */

/* Begin PBXNativeTarget section */
		6B5681E22C5875040018580F /* RxSwift_Prac */ = {
			isa = PBXNativeTarget;
			buildConfigurationList = 6B5681F72C5875050018580F /* Build configuration list for PBXNativeTarget "RxSwift_Prac" */;
			buildPhases = (
				6B5681DF2C5875040018580F /* Sources */,
				6B5681E02C5875040018580F /* Frameworks */,
				6B5681E12C5875040018580F /* Resources */,
			);
			buildRules = (
			);
			dependencies = (
			);
			name = RxSwift_Prac;
			packageProductDependencies = (
				6B5681FB2C5875C80018580F /* RxCocoa */,
				6B5681FD2C5875C80018580F /* RxSwift */,
				6B5682012C587B0B0018580F /* SnapKit */,
			);
			productName = RxSwift_Prac;
			productReference = 6B5681E32C5875040018580F /* RxSwift_Prac.app */;
			productType = "com.apple.product-type.application";
		};
/* End PBXNativeTarget section */

/* Begin PBXProject section */
		6B5681DB2C5875040018580F /* Project object */ = {
			isa = PBXProject;
			attributes = {
				BuildIndependentTargetsInParallel = 1;
				LastSwiftUpdateCheck = 1530;
				LastUpgradeCheck = 1530;
				TargetAttributes = {
					6B5681E22C5875040018580F = {
						CreatedOnToolsVersion = 15.3;
					};
				};
			};
			buildConfigurationList = 6B5681DE2C5875040018580F /* Build configuration list for PBXProject "RxSwift_Prac" */;
			compatibilityVersion = "Xcode 14.0";
			developmentRegion = en;
			hasScannedForEncodings = 0;
			knownRegions = (
				en,
				Base,
			);
			mainGroup = 6B5681DA2C5875040018580F;
			packageReferences = (
				6B5681FA2C5875C80018580F /* XCRemoteSwiftPackageReference "RxSwift" */,
				6B5682002C587B0B0018580F /* XCRemoteSwiftPackageReference "SnapKit" */,
			);
			productRefGroup = 6B5681E42C5875040018580F /* Products */;
			projectDirPath = "";
			projectRoot = "";
			targets = (
				6B5681E22C5875040018580F /* RxSwift_Prac */,
			);
		};
/* End PBXProject section */

/* Begin PBXResourcesBuildPhase section */
		6B5681E12C5875040018580F /* Resources */ = {
			isa = PBXResourcesBuildPhase;
			buildActionMask = 2147483647;
			files = (
				6B5681F02C5875050018580F /* Assets.xcassets in Resources */,
				6B5681F32C5875050018580F /* Base in Resources */,
				6B5681EE2C5875040018580F /* Base in Resources */,
			);
			runOnlyForDeploymentPostprocessing = 0;
		};
/* End PBXResourcesBuildPhase section */

/* Begin PBXSourcesBuildPhase section */
		6B5681DF2C5875040018580F /* Sources */ = {
			isa = PBXSourcesBuildPhase;
			buildActionMask = 2147483647;
			files = (
				6B5682082C58FB5B0018580F /* PickerViewController.swift in Sources */,
				6B56820A2C58FDB50018580F /* TableViewController.swift in Sources */,
				6B5682062C58C0770018580F /* OperatorViewController.swift in Sources */,
				6B5681EB2C5875040018580F /* ViewController.swift in Sources */,
				6B5681E72C5875040018580F /* AppDelegate.swift in Sources */,
				6B5682122C5913B80018580F /* AddNumberViewController.swift in Sources */,
				6B5681E92C5875040018580F /* SceneDelegate.swift in Sources */,
				6B56820E2C5900950018580F /* LoginViewController.swift in Sources */,
				6B5682102C590B530018580F /* ObservableExample.swift in Sources */,
				6B56820C2C58FED10018580F /* SwitchViewController.swift in Sources */,
				6B5682042C58ACA00018580F /* BasicButtonViewController.swift in Sources */,
			);
			runOnlyForDeploymentPostprocessing = 0;
		};
/* End PBXSourcesBuildPhase section */

/* Begin PBXVariantGroup section */
		6B5681EC2C5875040018580F /* Main.storyboard */ = {
			isa = PBXVariantGroup;
			children = (
				6B5681ED2C5875040018580F /* Base */,
			);
			name = Main.storyboard;
			sourceTree = "<group>";
		};
		6B5681F12C5875050018580F /* LaunchScreen.storyboard */ = {
			isa = PBXVariantGroup;
			children = (
				6B5681F22C5875050018580F /* Base */,
			);
			name = LaunchScreen.storyboard;
			sourceTree = "<group>";
		};
/* End PBXVariantGroup section */

/* Begin XCBuildConfiguration section */
		6B5681F52C5875050018580F /* Debug */ = {
			isa = XCBuildConfiguration;
			buildSettings = {
				ALWAYS_SEARCH_USER_PATHS = NO;
				ASSETCATALOG_COMPILER_GENERATE_SWIFT_ASSET_SYMBOL_EXTENSIONS = YES;
				CLANG_ANALYZER_NONNULL = YES;
				CLANG_ANALYZER_NUMBER_OBJECT_CONVERSION = YES_AGGRESSIVE;
				CLANG_CXX_LANGUAGE_STANDARD = "gnu++20";
				CLANG_ENABLE_MODULES = YES;
				CLANG_ENABLE_OBJC_ARC = YES;
				CLANG_ENABLE_OBJC_WEAK = YES;
				CLANG_WARN_BLOCK_CAPTURE_AUTORELEASING = YES;
				CLANG_WARN_BOOL_CONVERSION = YES;
				CLANG_WARN_COMMA = YES;
				CLANG_WARN_CONSTANT_CONVERSION = YES;
				CLANG_WARN_DEPRECATED_OBJC_IMPLEMENTATIONS = YES;
				CLANG_WARN_DIRECT_OBJC_ISA_USAGE = YES_ERROR;
				CLANG_WARN_DOCUMENTATION_COMMENTS = YES;
				CLANG_WARN_EMPTY_BODY = YES;
				CLANG_WARN_ENUM_CONVERSION = YES;
				CLANG_WARN_INFINITE_RECURSION = YES;
				CLANG_WARN_INT_CONVERSION = YES;
				CLANG_WARN_NON_LITERAL_NULL_CONVERSION = YES;
				CLANG_WARN_OBJC_IMPLICIT_RETAIN_SELF = YES;
				CLANG_WARN_OBJC_LITERAL_CONVERSION = YES;
				CLANG_WARN_OBJC_ROOT_CLASS = YES_ERROR;
				CLANG_WARN_QUOTED_INCLUDE_IN_FRAMEWORK_HEADER = YES;
				CLANG_WARN_RANGE_LOOP_ANALYSIS = YES;
				CLANG_WARN_STRICT_PROTOTYPES = YES;
				CLANG_WARN_SUSPICIOUS_MOVE = YES;
				CLANG_WARN_UNGUARDED_AVAILABILITY = YES_AGGRESSIVE;
				CLANG_WARN_UNREACHABLE_CODE = YES;
				CLANG_WARN__DUPLICATE_METHOD_MATCH = YES;
				COPY_PHASE_STRIP = NO;
				DEBUG_INFORMATION_FORMAT = dwarf;
				ENABLE_STRICT_OBJC_MSGSEND = YES;
				ENABLE_TESTABILITY = YES;
				ENABLE_USER_SCRIPT_SANDBOXING = YES;
				GCC_C_LANGUAGE_STANDARD = gnu17;
				GCC_DYNAMIC_NO_PIC = NO;
				GCC_NO_COMMON_BLOCKS = YES;
				GCC_OPTIMIZATION_LEVEL = 0;
				GCC_PREPROCESSOR_DEFINITIONS = (
					"DEBUG=1",
					"$(inherited)",
				);
				GCC_WARN_64_TO_32_BIT_CONVERSION = YES;
				GCC_WARN_ABOUT_RETURN_TYPE = YES_ERROR;
				GCC_WARN_UNDECLARED_SELECTOR = YES;
				GCC_WARN_UNINITIALIZED_AUTOS = YES_AGGRESSIVE;
				GCC_WARN_UNUSED_FUNCTION = YES;
				GCC_WARN_UNUSED_VARIABLE = YES;
				IPHONEOS_DEPLOYMENT_TARGET = 17.4;
				LOCALIZATION_PREFERS_STRING_CATALOGS = YES;
				MTL_ENABLE_DEBUG_INFO = INCLUDE_SOURCE;
				MTL_FAST_MATH = YES;
				ONLY_ACTIVE_ARCH = YES;
				SDKROOT = iphoneos;
				SWIFT_ACTIVE_COMPILATION_CONDITIONS = "DEBUG $(inherited)";
				SWIFT_OPTIMIZATION_LEVEL = "-Onone";
			};
			name = Debug;
		};
		6B5681F62C5875050018580F /* Release */ = {
			isa = XCBuildConfiguration;
			buildSettings = {
				ALWAYS_SEARCH_USER_PATHS = NO;
				ASSETCATALOG_COMPILER_GENERATE_SWIFT_ASSET_SYMBOL_EXTENSIONS = YES;
				CLANG_ANALYZER_NONNULL = YES;
				CLANG_ANALYZER_NUMBER_OBJECT_CONVERSION = YES_AGGRESSIVE;
				CLANG_CXX_LANGUAGE_STANDARD = "gnu++20";
				CLANG_ENABLE_MODULES = YES;
				CLANG_ENABLE_OBJC_ARC = YES;
				CLANG_ENABLE_OBJC_WEAK = YES;
				CLANG_WARN_BLOCK_CAPTURE_AUTORELEASING = YES;
				CLANG_WARN_BOOL_CONVERSION = YES;
				CLANG_WARN_COMMA = YES;
				CLANG_WARN_CONSTANT_CONVERSION = YES;
				CLANG_WARN_DEPRECATED_OBJC_IMPLEMENTATIONS = YES;
				CLANG_WARN_DIRECT_OBJC_ISA_USAGE = YES_ERROR;
				CLANG_WARN_DOCUMENTATION_COMMENTS = YES;
				CLANG_WARN_EMPTY_BODY = YES;
				CLANG_WARN_ENUM_CONVERSION = YES;
				CLANG_WARN_INFINITE_RECURSION = YES;
				CLANG_WARN_INT_CONVERSION = YES;
				CLANG_WARN_NON_LITERAL_NULL_CONVERSION = YES;
				CLANG_WARN_OBJC_IMPLICIT_RETAIN_SELF = YES;
				CLANG_WARN_OBJC_LITERAL_CONVERSION = YES;
				CLANG_WARN_OBJC_ROOT_CLASS = YES_ERROR;
				CLANG_WARN_QUOTED_INCLUDE_IN_FRAMEWORK_HEADER = YES;
				CLANG_WARN_RANGE_LOOP_ANALYSIS = YES;
				CLANG_WARN_STRICT_PROTOTYPES = YES;
				CLANG_WARN_SUSPICIOUS_MOVE = YES;
				CLANG_WARN_UNGUARDED_AVAILABILITY = YES_AGGRESSIVE;
				CLANG_WARN_UNREACHABLE_CODE = YES;
				CLANG_WARN__DUPLICATE_METHOD_MATCH = YES;
				COPY_PHASE_STRIP = NO;
				DEBUG_INFORMATION_FORMAT = "dwarf-with-dsym";
				ENABLE_NS_ASSERTIONS = NO;
				ENABLE_STRICT_OBJC_MSGSEND = YES;
				ENABLE_USER_SCRIPT_SANDBOXING = YES;
				GCC_C_LANGUAGE_STANDARD = gnu17;
				GCC_NO_COMMON_BLOCKS = YES;
				GCC_WARN_64_TO_32_BIT_CONVERSION = YES;
				GCC_WARN_ABOUT_RETURN_TYPE = YES_ERROR;
				GCC_WARN_UNDECLARED_SELECTOR = YES;
				GCC_WARN_UNINITIALIZED_AUTOS = YES_AGGRESSIVE;
				GCC_WARN_UNUSED_FUNCTION = YES;
				GCC_WARN_UNUSED_VARIABLE = YES;
				IPHONEOS_DEPLOYMENT_TARGET = 17.4;
				LOCALIZATION_PREFERS_STRING_CATALOGS = YES;
				MTL_ENABLE_DEBUG_INFO = NO;
				MTL_FAST_MATH = YES;
				SDKROOT = iphoneos;
				SWIFT_COMPILATION_MODE = wholemodule;
				VALIDATE_PRODUCT = YES;
			};
			name = Release;
		};
		6B5681F82C5875050018580F /* Debug */ = {
			isa = XCBuildConfiguration;
			buildSettings = {
				ASSETCATALOG_COMPILER_APPICON_NAME = AppIcon;
				ASSETCATALOG_COMPILER_GLOBAL_ACCENT_COLOR_NAME = AccentColor;
				CODE_SIGN_STYLE = Automatic;
				CURRENT_PROJECT_VERSION = 1;
				DEVELOPMENT_TEAM = F8Q3Y446GH;
				GENERATE_INFOPLIST_FILE = YES;
				INFOPLIST_FILE = RxSwift_Prac/Info.plist;
				INFOPLIST_KEY_UIApplicationSupportsIndirectInputEvents = YES;
				INFOPLIST_KEY_UILaunchStoryboardName = LaunchScreen;
				INFOPLIST_KEY_UIMainStoryboardFile = Main;
				INFOPLIST_KEY_UISupportedInterfaceOrientations_iPad = "UIInterfaceOrientationPortrait UIInterfaceOrientationPortraitUpsideDown UIInterfaceOrientationLandscapeLeft UIInterfaceOrientationLandscapeRight";
				INFOPLIST_KEY_UISupportedInterfaceOrientations_iPhone = "UIInterfaceOrientationPortrait UIInterfaceOrientationLandscapeLeft UIInterfaceOrientationLandscapeRight";
				LD_RUNPATH_SEARCH_PATHS = (
					"$(inherited)",
					"@executable_path/Frameworks",
				);
				MARKETING_VERSION = 1.0;
				PRODUCT_BUNDLE_IDENTIFIER = "beom.RxSwift-Prac";
				PRODUCT_NAME = "$(TARGET_NAME)";
				SUPPORTED_PLATFORMS = "iphoneos iphonesimulator";
				SUPPORTS_MACCATALYST = NO;
				SUPPORTS_MAC_DESIGNED_FOR_IPHONE_IPAD = NO;
				SUPPORTS_XR_DESIGNED_FOR_IPHONE_IPAD = NO;
				SWIFT_EMIT_LOC_STRINGS = YES;
				SWIFT_VERSION = 5.0;
				TARGETED_DEVICE_FAMILY = 1;
			};
			name = Debug;
		};
		6B5681F92C5875050018580F /* Release */ = {
			isa = XCBuildConfiguration;
			buildSettings = {
				ASSETCATALOG_COMPILER_APPICON_NAME = AppIcon;
				ASSETCATALOG_COMPILER_GLOBAL_ACCENT_COLOR_NAME = AccentColor;
				CODE_SIGN_STYLE = Automatic;
				CURRENT_PROJECT_VERSION = 1;
				DEVELOPMENT_TEAM = F8Q3Y446GH;
				GENERATE_INFOPLIST_FILE = YES;
				INFOPLIST_FILE = RxSwift_Prac/Info.plist;
				INFOPLIST_KEY_UIApplicationSupportsIndirectInputEvents = YES;
				INFOPLIST_KEY_UILaunchStoryboardName = LaunchScreen;
				INFOPLIST_KEY_UIMainStoryboardFile = Main;
				INFOPLIST_KEY_UISupportedInterfaceOrientations_iPad = "UIInterfaceOrientationPortrait UIInterfaceOrientationPortraitUpsideDown UIInterfaceOrientationLandscapeLeft UIInterfaceOrientationLandscapeRight";
				INFOPLIST_KEY_UISupportedInterfaceOrientations_iPhone = "UIInterfaceOrientationPortrait UIInterfaceOrientationLandscapeLeft UIInterfaceOrientationLandscapeRight";
				LD_RUNPATH_SEARCH_PATHS = (
					"$(inherited)",
					"@executable_path/Frameworks",
				);
				MARKETING_VERSION = 1.0;
				PRODUCT_BUNDLE_IDENTIFIER = "beom.RxSwift-Prac";
				PRODUCT_NAME = "$(TARGET_NAME)";
				SUPPORTED_PLATFORMS = "iphoneos iphonesimulator";
				SUPPORTS_MACCATALYST = NO;
				SUPPORTS_MAC_DESIGNED_FOR_IPHONE_IPAD = NO;
				SUPPORTS_XR_DESIGNED_FOR_IPHONE_IPAD = NO;
				SWIFT_EMIT_LOC_STRINGS = YES;
				SWIFT_VERSION = 5.0;
				TARGETED_DEVICE_FAMILY = 1;
			};
			name = Release;
		};
/* End XCBuildConfiguration section */

/* Begin XCConfigurationList section */
		6B5681DE2C5875040018580F /* Build configuration list for PBXProject "RxSwift_Prac" */ = {
			isa = XCConfigurationList;
			buildConfigurations = (
				6B5681F52C5875050018580F /* Debug */,
				6B5681F62C5875050018580F /* Release */,
			);
			defaultConfigurationIsVisible = 0;
			defaultConfigurationName = Release;
		};
		6B5681F72C5875050018580F /* Build configuration list for PBXNativeTarget "RxSwift_Prac" */ = {
			isa = XCConfigurationList;
			buildConfigurations = (
				6B5681F82C5875050018580F /* Debug */,
				6B5681F92C5875050018580F /* Release */,
			);
			defaultConfigurationIsVisible = 0;
			defaultConfigurationName = Release;
		};
/* End XCConfigurationList section */

/* Begin XCRemoteSwiftPackageReference section */
		6B5681FA2C5875C80018580F /* XCRemoteSwiftPackageReference "RxSwift" */ = {
			isa = XCRemoteSwiftPackageReference;
			repositoryURL = "https://github.com/ReactiveX/RxSwift.git";
			requirement = {
				kind = upToNextMajorVersion;
				minimumVersion = 6.7.1;
			};
		};
		6B5682002C587B0B0018580F /* XCRemoteSwiftPackageReference "SnapKit" */ = {
			isa = XCRemoteSwiftPackageReference;
			repositoryURL = "https://github.com/SnapKit/SnapKit.git";
			requirement = {
				kind = upToNextMajorVersion;
				minimumVersion = 5.7.1;
			};
		};
/* End XCRemoteSwiftPackageReference section */

/* Begin XCSwiftPackageProductDependency section */
		6B5681FB2C5875C80018580F /* RxCocoa */ = {
			isa = XCSwiftPackageProductDependency;
			package = 6B5681FA2C5875C80018580F /* XCRemoteSwiftPackageReference "RxSwift" */;
			productName = RxCocoa;
		};
		6B5681FD2C5875C80018580F /* RxSwift */ = {
			isa = XCSwiftPackageProductDependency;
			package = 6B5681FA2C5875C80018580F /* XCRemoteSwiftPackageReference "RxSwift" */;
			productName = RxSwift;
		};
		6B5682012C587B0B0018580F /* SnapKit */ = {
			isa = XCSwiftPackageProductDependency;
			package = 6B5682002C587B0B0018580F /* XCRemoteSwiftPackageReference "SnapKit" */;
			productName = SnapKit;
		};
/* End XCSwiftPackageProductDependency section */
	};
	rootObject = 6B5681DB2C5875040018580F /* Project object */;
}
